
Microsoft Visual Studio Solution File, Format Version 12.00
# Visual Studio Version 17
VisualStudioVersion = 17.5.002.0
MinimumVisualStudioVersion = 10.0.40219.1
Project("{9A19103F-16F7-4668-BE54-9A1E7A4F7556}") = "ZSounds", "ZSounds.csproj", "{A07F1BB8-C6AB-4324-B040-27201265EF89}"
EndProject
Global
	GlobalSection(SolutionConfigurationPlatforms) = preSolution
		Debug|Any CPU = Debug|Any CPU
		Release|Any CPU = Release|Any CPU
	EndGlobalSection
	GlobalSection(ProjectConfigurationPlatforms) = postSolution
		{A07F1BB8-C6AB-4324-B040-27201265EF89}.Debug|Any CPU.ActiveCfg = Debug|Any CPU
		{A07F1BB8-C6AB-4324-B040-27201265EF89}.Debug|Any CPU.Build.0 = Debug|Any CPU
		{A07F1BB8-C6AB-4324-B040-27201265EF89}.Release|Any CPU.ActiveCfg = Release|Any CPU
		{A07F1BB8-C6AB-4324-B040-27201265EF89}.Release|Any CPU.Build.0 = Release|Any CPU
	EndGlobalSection
	GlobalSection(SolutionProperties) = preSolution
		HideSolutionNode = FALSE
	EndGlobalSection
	GlobalSection(ExtensibilityGlobals) = postSolution
		SolutionGuid = {3E037511-5836-4738-92A3-569886BAFA2D}
	EndGlobalSection
EndGlobal
